
Microsoft Visual Studio Solution File, Format Version 11.00
# Visual Studio 2010
Project("{FAE04EC0-301F-11D3-BF4B-00C04F79EFBC}") = "MvcApplication4", "MvcApplication4\MvcApplication4.csproj", "{3BAFA051-DEBF-4D34-BAB1-FC1574727CDC}"
EndProject
Project("{FAE04EC0-301F-11D3-BF4B-00C04F79EFBC}") = "MvcApplication4.Tests", "MvcApplication4.Tests\MvcApplication4.Tests.csproj", "{6D65CDCD-2B23-4604-8875-1C97D1878128}"
EndProject
Global
	GlobalSection(SolutionConfigurationPlatforms) = preSolution
		Debug|Any CPU = Debug|Any CPU
		Release|Any CPU = Release|Any CPU
	EndGlobalSection
	GlobalSection(ProjectConfigurationPlatforms) = postSolution
		{3BAFA051-DEBF-4D34-BAB1-FC1574727CDC}.Debug|Any CPU.ActiveCfg = Debug|Any CPU
		{3BAFA051-DEBF-4D34-BAB1-FC1574727CDC}.Debug|Any CPU.Build.0 = Debug|Any CPU
		{3BAFA051-DEBF-4D34-BAB1-FC1574727CDC}.Release|Any CPU.ActiveCfg = Release|Any CPU
		{3BAFA051-DEBF-4D34-BAB1-FC1574727CDC}.Release|Any CPU.Build.0 = Release|Any CPU
		{6D65CDCD-2B23-4604-8875-1C97D1878128}.Debug|Any CPU.ActiveCfg = Debug|Any CPU
		{6D65CDCD-2B23-4604-8875-1C97D1878128}.Debug|Any CPU.Build.0 = Debug|Any CPU
		{6D65CDCD-2B23-4604-8875-1C97D1878128}.Release|Any CPU.ActiveCfg = Release|Any CPU
		{6D65CDCD-2B23-4604-8875-1C97D1878128}.Release|Any CPU.Build.0 = Release|Any CPU
	EndGlobalSection
	GlobalSection(SolutionProperties) = preSolution
		HideSolutionNode = FALSE
	EndGlobalSection
EndGlobal
